
Microsoft Visual Studio Solution File, Format Version 11.00
# Visual Studio 2010
Project("{FAE04EC0-301F-11D3-BF4B-00C04F79EFBC}") = "ArDrawing", "Assembly-CSharp.csproj", "{13B4E363-BB28-5B05-5156-C13447D86DE6}"
EndProject
Project("{FAE04EC0-301F-11D3-BF4B-00C04F79EFBC}") = "ArDrawing", "Assembly-CSharp-Editor.csproj", "{6D4BD95D-FA8B-4361-DD94-8C32AA439F0D}"
EndProject
Global
	GlobalSection(SolutionConfigurationPlatforms) = preSolution
		Debug|Any CPU = Debug|Any CPU
		Release|Any CPU = Release|Any CPU
	EndGlobalSection
	GlobalSection(ProjectConfigurationPlatforms) = postSolution
		{13B4E363-BB28-5B05-5156-C13447D86DE6}.Debug|Any CPU.ActiveCfg = Debug|Any CPU
		{13B4E363-BB28-5B05-5156-C13447D86DE6}.Debug|Any CPU.Build.0 = Debug|Any CPU
		{13B4E363-BB28-5B05-5156-C13447D86DE6}.Release|Any CPU.ActiveCfg = Release|Any CPU
		{13B4E363-BB28-5B05-5156-C13447D86DE6}.Release|Any CPU.Build.0 = Release|Any CPU
		{6D4BD95D-FA8B-4361-DD94-8C32AA439F0D}.Debug|Any CPU.ActiveCfg = Debug|Any CPU
		{6D4BD95D-FA8B-4361-DD94-8C32AA439F0D}.Debug|Any CPU.Build.0 = Debug|Any CPU
		{6D4BD95D-FA8B-4361-DD94-8C32AA439F0D}.Release|Any CPU.ActiveCfg = Release|Any CPU
		{6D4BD95D-FA8B-4361-DD94-8C32AA439F0D}.Release|Any CPU.Build.0 = Release|Any CPU
	EndGlobalSection
	GlobalSection(SolutionProperties) = preSolution
		HideSolutionNode = FALSE
	EndGlobalSection
	GlobalSection(MonoDevelopProperties) = preSolution
		StartupItem = Assembly-CSharp.csproj
	EndGlobalSection
EndGlobal
