
Microsoft Visual Studio Solution File, Format Version 11.00
# Visual Studio 2010
Project("{FAE04EC0-301F-11D3-BF4B-00C04F79EFBC}") = "SugarDestroyer", "Assembly-CSharp.csproj", "{D00542A2-7A74-8763-A060-0F735650CBB6}"
EndProject
Project("{FAE04EC0-301F-11D3-BF4B-00C04F79EFBC}") = "SugarDestroyer", "Assembly-CSharp-Editor.csproj", "{D2F2D2D1-8769-3D58-9889-2BDBE76A8B74}"
EndProject
Global
	GlobalSection(SolutionConfigurationPlatforms) = preSolution
		Debug|Any CPU = Debug|Any CPU
		Release|Any CPU = Release|Any CPU
	EndGlobalSection
	GlobalSection(ProjectConfigurationPlatforms) = postSolution
		{D00542A2-7A74-8763-A060-0F735650CBB6}.Debug|Any CPU.ActiveCfg = Debug|Any CPU
		{D00542A2-7A74-8763-A060-0F735650CBB6}.Debug|Any CPU.Build.0 = Debug|Any CPU
		{D00542A2-7A74-8763-A060-0F735650CBB6}.Release|Any CPU.ActiveCfg = Release|Any CPU
		{D00542A2-7A74-8763-A060-0F735650CBB6}.Release|Any CPU.Build.0 = Release|Any CPU
		{D2F2D2D1-8769-3D58-9889-2BDBE76A8B74}.Debug|Any CPU.ActiveCfg = Debug|Any CPU
		{D2F2D2D1-8769-3D58-9889-2BDBE76A8B74}.Debug|Any CPU.Build.0 = Debug|Any CPU
		{D2F2D2D1-8769-3D58-9889-2BDBE76A8B74}.Release|Any CPU.ActiveCfg = Release|Any CPU
		{D2F2D2D1-8769-3D58-9889-2BDBE76A8B74}.Release|Any CPU.Build.0 = Release|Any CPU
	EndGlobalSection
	GlobalSection(SolutionProperties) = preSolution
		HideSolutionNode = FALSE
	EndGlobalSection
	GlobalSection(MonoDevelopProperties) = preSolution
		StartupItem = Assembly-CSharp.csproj
	EndGlobalSection
EndGlobal
