
Microsoft Visual Studio Solution File, Format Version 11.00
# Visual Studio 2010
Project("{FAE04EC0-301F-11D3-BF4B-00C04F79EFBC}") = "Multiple_target_image", "Assembly-CSharp.csproj", "{E4DEB4EF-94C1-AFB2-F6B2-8323DBAE127A}"
EndProject
Project("{FAE04EC0-301F-11D3-BF4B-00C04F79EFBC}") = "Multiple_target_image", "Assembly-CSharp-Editor.csproj", "{8EFE2AFD-86CF-F3F9-612D-3B86714D20AD}"
EndProject
Global
	GlobalSection(SolutionConfigurationPlatforms) = preSolution
		Debug|Any CPU = Debug|Any CPU
		Release|Any CPU = Release|Any CPU
	EndGlobalSection
	GlobalSection(ProjectConfigurationPlatforms) = postSolution
		{E4DEB4EF-94C1-AFB2-F6B2-8323DBAE127A}.Debug|Any CPU.ActiveCfg = Debug|Any CPU
		{E4DEB4EF-94C1-AFB2-F6B2-8323DBAE127A}.Debug|Any CPU.Build.0 = Debug|Any CPU
		{E4DEB4EF-94C1-AFB2-F6B2-8323DBAE127A}.Release|Any CPU.ActiveCfg = Release|Any CPU
		{E4DEB4EF-94C1-AFB2-F6B2-8323DBAE127A}.Release|Any CPU.Build.0 = Release|Any CPU
		{8EFE2AFD-86CF-F3F9-612D-3B86714D20AD}.Debug|Any CPU.ActiveCfg = Debug|Any CPU
		{8EFE2AFD-86CF-F3F9-612D-3B86714D20AD}.Debug|Any CPU.Build.0 = Debug|Any CPU
		{8EFE2AFD-86CF-F3F9-612D-3B86714D20AD}.Release|Any CPU.ActiveCfg = Release|Any CPU
		{8EFE2AFD-86CF-F3F9-612D-3B86714D20AD}.Release|Any CPU.Build.0 = Release|Any CPU
	EndGlobalSection
	GlobalSection(SolutionProperties) = preSolution
		HideSolutionNode = FALSE
	EndGlobalSection
	GlobalSection(MonoDevelopProperties) = preSolution
		StartupItem = Assembly-CSharp.csproj
	EndGlobalSection
EndGlobal
